
Microsoft Visual Studio Solution File, Format Version 12.00
# Visual Studio Version 16
VisualStudioVersion = 16.0.29728.190
MinimumVisualStudioVersion = 10.0.40219.1
Project("{FAE04EC0-301F-11D3-BF4B-00C04F79EFBC}") = "COVID19", "COVID19\COVID19.csproj", "{002945C5-DEA7-4234-BE70-556D425AE8A8}"
EndProject
Global
	GlobalSection(SolutionConfigurationPlatforms) = preSolution
		Debug|Any CPU = Debug|Any CPU
		Release|Any CPU = Release|Any CPU
	EndGlobalSection
	GlobalSection(ProjectConfigurationPlatforms) = postSolution
		{002945C5-DEA7-4234-BE70-556D425AE8A8}.Debug|Any CPU.ActiveCfg = Debug|Any CPU
		{002945C5-DEA7-4234-BE70-556D425AE8A8}.Debug|Any CPU.Build.0 = Debug|Any CPU
		{002945C5-DEA7-4234-BE70-556D425AE8A8}.Release|Any CPU.ActiveCfg = Release|Any CPU
		{002945C5-DEA7-4234-BE70-556D425AE8A8}.Release|Any CPU.Build.0 = Release|Any CPU
	EndGlobalSection
	GlobalSection(SolutionProperties) = preSolution
		HideSolutionNode = FALSE
	EndGlobalSection
	GlobalSection(ExtensibilityGlobals) = postSolution
		SolutionGuid = {3F3DD976-73AF-4BA4-8839-EBD89F02414F}
	EndGlobalSection
EndGlobal
